
Microsoft Visual Studio Solution File, Format Version 12.00
# Visual Studio 2013
VisualStudioVersion = 12.0.31101.0
MinimumVisualStudioVersion = 10.0.40219.1
Project("{FAE04EC0-301F-11D3-BF4B-00C04F79EFBC}") = "SupermarketReviewer.Client", "SupermarketReviewer.Client\SupermarketReviewer.Client.csproj", "{E2FA94EC-AA0B-4911-9716-C8159C97980A}"
EndProject
Project("{FAE04EC0-301F-11D3-BF4B-00C04F79EFBC}") = "SupermarketReviewer.XmlParser", "SupermarketReviewer.XmlParser\SupermarketReviewer.XmlParser.csproj", "{A3D25BEA-01C6-4C47-98CB-A6CE59936F8A}"
EndProject
Project("{FAE04EC0-301F-11D3-BF4B-00C04F79EFBC}") = "SupermarketReviewer.Core", "SupermarketReviewer.Core\SupermarketReviewer.Core.csproj", "{C0E17126-BD7E-4D3A-B77C-5A461D2B410C}"
EndProject
Project("{FAE04EC0-301F-11D3-BF4B-00C04F79EFBC}") = "SupermarketReviewer.Server", "SupermarketReviewer.Server\SupermarketReviewer.Server.csproj", "{B3E46255-7CC1-4150-BB1C-F0255D266D44}"
EndProject
Global
	GlobalSection(SolutionConfigurationPlatforms) = preSolution
		Debug|Any CPU = Debug|Any CPU
		Release|Any CPU = Release|Any CPU
	EndGlobalSection
	GlobalSection(ProjectConfigurationPlatforms) = postSolution
		{E2FA94EC-AA0B-4911-9716-C8159C97980A}.Debug|Any CPU.ActiveCfg = Debug|Any CPU
		{E2FA94EC-AA0B-4911-9716-C8159C97980A}.Debug|Any CPU.Build.0 = Debug|Any CPU
		{E2FA94EC-AA0B-4911-9716-C8159C97980A}.Release|Any CPU.ActiveCfg = Release|Any CPU
		{E2FA94EC-AA0B-4911-9716-C8159C97980A}.Release|Any CPU.Build.0 = Release|Any CPU
		{A3D25BEA-01C6-4C47-98CB-A6CE59936F8A}.Debug|Any CPU.ActiveCfg = Debug|Any CPU
		{A3D25BEA-01C6-4C47-98CB-A6CE59936F8A}.Debug|Any CPU.Build.0 = Debug|Any CPU
		{A3D25BEA-01C6-4C47-98CB-A6CE59936F8A}.Release|Any CPU.ActiveCfg = Release|Any CPU
		{A3D25BEA-01C6-4C47-98CB-A6CE59936F8A}.Release|Any CPU.Build.0 = Release|Any CPU
		{C0E17126-BD7E-4D3A-B77C-5A461D2B410C}.Debug|Any CPU.ActiveCfg = Debug|Any CPU
		{C0E17126-BD7E-4D3A-B77C-5A461D2B410C}.Debug|Any CPU.Build.0 = Debug|Any CPU
		{C0E17126-BD7E-4D3A-B77C-5A461D2B410C}.Release|Any CPU.ActiveCfg = Release|Any CPU
		{C0E17126-BD7E-4D3A-B77C-5A461D2B410C}.Release|Any CPU.Build.0 = Release|Any CPU
		{B3E46255-7CC1-4150-BB1C-F0255D266D44}.Debug|Any CPU.ActiveCfg = Debug|Any CPU
		{B3E46255-7CC1-4150-BB1C-F0255D266D44}.Debug|Any CPU.Build.0 = Debug|Any CPU
		{B3E46255-7CC1-4150-BB1C-F0255D266D44}.Release|Any CPU.ActiveCfg = Release|Any CPU
		{B3E46255-7CC1-4150-BB1C-F0255D266D44}.Release|Any CPU.Build.0 = Release|Any CPU
	EndGlobalSection
	GlobalSection(SolutionProperties) = preSolution
		HideSolutionNode = FALSE
	EndGlobalSection
EndGlobal
